{
  "nodes": {
    "home-manager": {
      "inputs": {
        "nixpkgs": [
          "nixpkgs"
        ]
      },
      "locked": {
        "lastModified": 1789695075,
        "narHash": "sha256-HREFWgmCTp28ZdMkSFOW2QW8uI17v5CNc04W46h6aPo=",
        "owner": "nix-community",
        "repo": "home-manager",
        "rev": "4ac5a2ae9025eab1ebece4f9df8c315fd84a738a",
        "type": "github"
      },
      "original": {
        "owner": "nix-community",
        "repo": "home-manager",
        "type": "github"
      }
    },
    "nixpkgs": {
      "locked": {
        "lastModified": 1789546076,
        "narHash": "sha256-zVxLZiSnmaaPLwnhj7pwmqe3axBg/C6nG5JZsJMh2g4=",
        "owner": "NixOS",
        "repo": "nixpkgs",
        "rev": "b1b875982b17dabde9b4a37f3e229e74913e6db3",
        "type": "github"
      },
      "original": {
        "owner": "NixOS",
        "ref": "nixos-unstable",
        "repo": "nixpkgs",
        "type": "github"
      }
    },
    "root": {
      "inputs": {
        "home-manager": "home-manager",
        "nixpkgs": "nixpkgs",
        "zapret-discord-youtube": "zapret-discord-youtube"
      }
    },
    "zapret-discord-youtube": {
      "inputs": {
        "nixpkgs": [
          "nixpkgs"
        ],
        "zapret-flowseal": "zapret-flowseal"
      },
      "locked": {
        "lastModified": 1788726932,
        "narHash": "sha256-MehJgJpN7BGMaDES9I0aj/YG6JkRlSj5RiZDZfclNpc=",
        "owner": "kartavkun",
        "repo": "zapret-discord-youtube",
        "rev": "64a8ee76f4f2e4a8d2751cb732f13448ee1e4fcf",
        "type": "github"
      },
      "original": {
        "owner": "kartavkun",
        "repo": "zapret-discord-youtube",
        "type": "github"
      }
    },
    "zapret-flowseal": {
      "flake": false,
      "locked": {
        "lastModified": 1789893941,
        "narHash": "sha256-7CI4CO85Ggg0w94t3+dreWNYdIJRMTZ72PRRMmHCudk=",
        "owner": "Flowseal",
        "repo": "zapret-discord-youtube",
        "rev": "865da4f4c3659523bf79bc6edf0446e7d7969614",
        "type": "github"
      },
      "original": {
        "owner": "Flowseal",
        "repo": "zapret-discord-youtube",
        "type": "github"
      }
    }
  },
  "root": "root",
  "version": 7
}
